
Microsoft Visual Studio Solution File, Format Version 12.00
# Visual Studio Version 17
VisualStudioVersion = 17.4.33122.133
MinimumVisualStudioVersion = 10.0.40219.1
Project("{FAE04EC0-301F-11D3-BF4B-00C04F79EFBC}") = "WinFormsApp1", "WinFormsApp1\WinFormsApp1.csproj", "{578C08CE-3CE9-46B9-84C7-72F0DEBCAF11}"
EndProject
Global
	GlobalSection(SolutionConfigurationPlatforms) = preSolution
		Debug|Any CPU = Debug|Any CPU
		Release|Any CPU = Release|Any CPU
	EndGlobalSection
	GlobalSection(ProjectConfigurationPlatforms) = postSolution
		{578C08CE-3CE9-46B9-84C7-72F0DEBCAF11}.Debug|Any CPU.ActiveCfg = Debug|Any CPU
		{578C08CE-3CE9-46B9-84C7-72F0DEBCAF11}.Debug|Any CPU.Build.0 = Debug|Any CPU
		{578C08CE-3CE9-46B9-84C7-72F0DEBCAF11}.Release|Any CPU.ActiveCfg = Release|Any CPU
		{578C08CE-3CE9-46B9-84C7-72F0DEBCAF11}.Release|Any CPU.Build.0 = Release|Any CPU
	EndGlobalSection
	GlobalSection(SolutionProperties) = preSolution
		HideSolutionNode = FALSE
	EndGlobalSection
	GlobalSection(ExtensibilityGlobals) = postSolution
		SolutionGuid = {4E0B7DF2-8561-467D-B4BD-E5CD8F9D41AB}
	EndGlobalSection
EndGlobal
