
Microsoft Visual Studio Solution File, Format Version 12.00
# Visual Studio Version 17
VisualStudioVersion = 17.4.33110.190
MinimumVisualStudioVersion = 10.0.40219.1
Project("{9A19103F-16F7-4668-BE54-9A1E7A4F7556}") = "ConsoleApp1", "ConsoleApp1\ConsoleApp1.csproj", "{0839B2B9-2991-4528-8381-2F570D13BE86}"
EndProject
Project("{FAE04EC0-301F-11D3-BF4B-00C04F79EFBC}") = "programacion_objetos1", "programacion_objetos1\programacion_objetos1.csproj", "{30E44873-D1E8-4E43-8413-F2E75C232045}"
EndProject
Global
	GlobalSection(SolutionConfigurationPlatforms) = preSolution
		Debug|Any CPU = Debug|Any CPU
		Release|Any CPU = Release|Any CPU
	EndGlobalSection
	GlobalSection(ProjectConfigurationPlatforms) = postSolution
		{0839B2B9-2991-4528-8381-2F570D13BE86}.Debug|Any CPU.ActiveCfg = Debug|Any CPU
		{0839B2B9-2991-4528-8381-2F570D13BE86}.Debug|Any CPU.Build.0 = Debug|Any CPU
		{0839B2B9-2991-4528-8381-2F570D13BE86}.Release|Any CPU.ActiveCfg = Release|Any CPU
		{0839B2B9-2991-4528-8381-2F570D13BE86}.Release|Any CPU.Build.0 = Release|Any CPU
		{30E44873-D1E8-4E43-8413-F2E75C232045}.Debug|Any CPU.ActiveCfg = Debug|Any CPU
		{30E44873-D1E8-4E43-8413-F2E75C232045}.Debug|Any CPU.Build.0 = Debug|Any CPU
		{30E44873-D1E8-4E43-8413-F2E75C232045}.Release|Any CPU.ActiveCfg = Release|Any CPU
		{30E44873-D1E8-4E43-8413-F2E75C232045}.Release|Any CPU.Build.0 = Release|Any CPU
	EndGlobalSection
	GlobalSection(SolutionProperties) = preSolution
		HideSolutionNode = FALSE
	EndGlobalSection
	GlobalSection(ExtensibilityGlobals) = postSolution
		SolutionGuid = {68B843BC-5480-4761-B5CA-4C9D8DFA2EF0}
	EndGlobalSection
EndGlobal
